# THIS IS AN AUTOGENERATED FILE. DO NOT EDIT THIS FILE DIRECTLY.
# yarn lockfile v1


"@lit-labs/ssr-dom-shim@^1.1.2-pre.0":
  version "1.1.2"
  resolved "https://registry.yarnpkg.com/@lit-labs/ssr-dom-shim/-/ssr-dom-shim-1.1.2.tgz#d693d972974a354034454ec1317eb6afd0b00312"
  integrity sha512-jnOD+/+dSrfTWYfSXBXlo5l5f0q1UuJo3tkbMDCYA2lKUYq79jaxqtGEvnRoh049nt1vdo1+45RinipU6FGY2g==

"@lit/reactive-element@^2.0.0":
  version "2.0.0"
  resolved "https://registry.yarnpkg.com/@lit/reactive-element/-/reactive-element-2.0.0.tgz#da14a256ac5533873b935840f306d572bac4a2ab"
  integrity sha512-wn+2+uDcs62ROBmVAwssO4x5xue/uKD3MGGZOXL2sMxReTRIT0JXKyMXeu7gh0aJ4IJNEIG/3aOnUaQvM7BMzQ==
  dependencies:
    "@lit-labs/ssr-dom-shim" "^1.1.2-pre.0"

"@types/trusted-types@^2.0.2":
  version "2.0.5"
  resolved "https://registry.yarnpkg.com/@types/trusted-types/-/trusted-types-2.0.5.tgz#5cac7e7df3275bb95f79594f192d97da3b4fd5fe"
  integrity sha512-I3pkr8j/6tmQtKV/ZzHtuaqYSQvyjGRKH4go60Rr0IDLlFxuRT5V32uvB1mecM5G1EVAUyF/4r4QZ1GHgz+mxA==

lit-element@^4.0.0:
  version "4.0.0"
  resolved "https://registry.yarnpkg.com/lit-element/-/lit-element-4.0.0.tgz#8343891bc9159a5fcb7f534914b37f2c0161e036"
  integrity sha512-N6+f7XgusURHl69DUZU6sTBGlIN+9Ixfs3ykkNDfgfTkDYGGOWwHAYBhDqVswnFGyWgQYR2KiSpu4J76Kccs/A==
  dependencies:
    "@lit-labs/ssr-dom-shim" "^1.1.2-pre.0"
    "@lit/reactive-element" "^2.0.0"
    lit-html "^3.0.0"

lit-html@^3.0.0:
  version "3.0.0"
  resolved "https://registry.yarnpkg.com/lit-html/-/lit-html-3.0.0.tgz#77d6776ee488642c74c5575315ef81aa09d24ea9"
  integrity sha512-DNJIE8dNY0dQF2Gs0sdMNUppMQT2/CvV4OVnSdg7BXAsGqkVwsE5bqQ04POfkYH5dBIuGnJYdFz5fYYyNnOxiA==
  dependencies:
    "@types/trusted-types" "^2.0.2"

lit@^3.0.0:
  version "3.0.0"
  resolved "https://registry.yarnpkg.com/lit/-/lit-3.0.0.tgz#204bd65935892a73670471e893ee8ca55d2f9a3b"
  integrity sha512-nQ0teRzU1Kdj++VdmttS2WvIen8M79wChJ6guRKIIym2M3Ansg3Adj9O6yuQh2IpjxiUXlNuS81WKlQ4iL3BmA==
  dependencies:
    "@lit/reactive-element" "^2.0.0"
    lit-element "^4.0.0"
    lit-html "^3.0.0"
